
Microsoft Visual Studio Solution File, Format Version 12.00
# Visual Studio Version 17
VisualStudioVersion = 17.1.32421.90
MinimumVisualStudioVersion = 10.0.40219.1
Project("{9A19103F-16F7-4668-BE54-9A1E7A4F7556}") = "PeachPDF", "PeachPDF\PeachPDF.csproj", "{EC20EDA3-736D-433F-BFC1-F24431BD4508}"
EndProject
Project("{FAE04EC0-301F-11D3-BF4B-00C04F79EFBC}") = "PeachPDF.TestHarness", "PeachPDF.TestHarness\PeachPDF.TestHarness.csproj", "{FE3AB56A-EBC5-461B-BA3A-8A6CBF8314CC}"
EndProject
Project("{FAE04EC0-301F-11D3-BF4B-00C04F79EFBC}") = "PeachPDF.PdfSharpCore", "PdfSharpCore\PeachPDF.PdfSharpCore.csproj", "{632C0180-6370-4DE6-A0AC-4577E81393EA}"
EndProject
Global
	GlobalSection(SolutionConfigurationPlatforms) = preSolution
		Debug|Any CPU = Debug|Any CPU
		Release|Any CPU = Release|Any CPU
	EndGlobalSection
	GlobalSection(ProjectConfigurationPlatforms) = postSolution
		{EC20EDA3-736D-433F-BFC1-F24431BD4508}.Debug|Any CPU.ActiveCfg = Debug|Any CPU
		{EC20EDA3-736D-433F-BFC1-F24431BD4508}.Debug|Any CPU.Build.0 = Debug|Any CPU
		{EC20EDA3-736D-433F-BFC1-F24431BD4508}.Release|Any CPU.ActiveCfg = Release|Any CPU
		{EC20EDA3-736D-433F-BFC1-F24431BD4508}.Release|Any CPU.Build.0 = Release|Any CPU
		{FE3AB56A-EBC5-461B-BA3A-8A6CBF8314CC}.Debug|Any CPU.ActiveCfg = Debug|Any CPU
		{FE3AB56A-EBC5-461B-BA3A-8A6CBF8314CC}.Debug|Any CPU.Build.0 = Debug|Any CPU
		{FE3AB56A-EBC5-461B-BA3A-8A6CBF8314CC}.Release|Any CPU.ActiveCfg = Release|Any CPU
		{FE3AB56A-EBC5-461B-BA3A-8A6CBF8314CC}.Release|Any CPU.Build.0 = Release|Any CPU
		{632C0180-6370-4DE6-A0AC-4577E81393EA}.Debug|Any CPU.ActiveCfg = Debug|Any CPU
		{632C0180-6370-4DE6-A0AC-4577E81393EA}.Debug|Any CPU.Build.0 = Debug|Any CPU
		{632C0180-6370-4DE6-A0AC-4577E81393EA}.Release|Any CPU.ActiveCfg = Release|Any CPU
		{632C0180-6370-4DE6-A0AC-4577E81393EA}.Release|Any CPU.Build.0 = Release|Any CPU
	EndGlobalSection
	GlobalSection(SolutionProperties) = preSolution
		HideSolutionNode = FALSE
	EndGlobalSection
	GlobalSection(ExtensibilityGlobals) = postSolution
		SolutionGuid = {039C92BD-4691-4EE3-B2C8-1F60BDD7B81F}
	EndGlobalSection
EndGlobal
